
Microsoft Visual Studio Solution File, Format Version 12.00
# Visual Studio 15
VisualStudioVersion = 15.0.27703.2018
MinimumVisualStudioVersion = 10.0.40219.1
Project("{FAE04EC0-301F-11D3-BF4B-00C04F79EFBC}") = "le bon chemin pour  delivrer ma princesse", "le bon chemin pour  delivrer ma princesse\le bon chemin pour  delivrer ma princesse.csproj", "{CBFC239C-9DDF-4403-877F-57534527951A}"
EndProject
Global
	GlobalSection(SolutionConfigurationPlatforms) = preSolution
		Debug|Any CPU = Debug|Any CPU
		Release|Any CPU = Release|Any CPU
	EndGlobalSection
	GlobalSection(ProjectConfigurationPlatforms) = postSolution
		{CBFC239C-9DDF-4403-877F-57534527951A}.Debug|Any CPU.ActiveCfg = Debug|Any CPU
		{CBFC239C-9DDF-4403-877F-57534527951A}.Debug|Any CPU.Build.0 = Debug|Any CPU
		{CBFC239C-9DDF-4403-877F-57534527951A}.Release|Any CPU.ActiveCfg = Release|Any CPU
		{CBFC239C-9DDF-4403-877F-57534527951A}.Release|Any CPU.Build.0 = Release|Any CPU
	EndGlobalSection
	GlobalSection(SolutionProperties) = preSolution
		HideSolutionNode = FALSE
	EndGlobalSection
	GlobalSection(ExtensibilityGlobals) = postSolution
		SolutionGuid = {01C8243D-01B8-4B2D-A009-6F7724083E6C}
	EndGlobalSection
EndGlobal
